// !$*UTF8*$!
{
	archiveVersion = 1;
	classes = {
	};
	objectVersion = 48;
	objects = {

/* Begin PBXBuildFile section */
		7697970D1FC3243C00112251 /* AppDelegate.swift in Sources */ = {isa = PBXBuildFile; fileRef = 7697970C1FC3243C00112251 /* AppDelegate.swift */; };
		7697970F1FC3243C00112251 /* ViewController.swift in Sources */ = {isa = PBXBuildFile; fileRef = 7697970E1FC3243C00112251 /* ViewController.swift */; };
		769797121FC3243C00112251 /* Main.storyboard in Resources */ = {isa = PBXBuildFile; fileRef = 769797101FC3243C00112251 /* Main.storyboard */; };
		769797141FC3243C00112251 /* Assets.xcassets in Resources */ = {isa = PBXBuildFile; fileRef = 769797131FC3243C00112251 /* Assets.xcassets */; };
		769797171FC3243C00112251 /* LaunchScreen.storyboard in Resources */ = {isa = PBXBuildFile; fileRef = 769797151FC3243C00112251 /* LaunchScreen.storyboard */; };
		7697971F1FC324AA00112251 /* TableViewController.swift in Sources */ = {isa = PBXBuildFile; fileRef = 7697971E1FC324AA00112251 /* TableViewController.swift */; };
/* End PBXBuildFile section */

/* Begin PBXFileReference section */
		769797091FC3243C00112251 /* SegueToStaticTableVC.app */ = {isa = PBXFileReference; explicitFileType = wrapper.application; includeInIndex = 0; path = SegueToStaticTableVC.app; sourceTree = BUILT_PRODUCTS_DIR; };
		7697970C1FC3243C00112251 /* AppDelegate.swift */ = {isa = PBXFileReference; lastKnownFileType = sourcecode.swift; path = AppDelegate.swift; sourceTree = "<group>"; };
		7697970E1FC3243C00112251 /* ViewController.swift */ = {isa = PBXFileReference; lastKnownFileType = sourcecode.swift; path = ViewController.swift; sourceTree = "<group>"; };
		769797111FC3243C00112251 /* Base */ = {isa = PBXFileReference; lastKnownFileType = file.storyboard; name = Base; path = Base.lproj/Main.storyboard; sourceTree = "<group>"; };
		769797131FC3243C00112251 /* Assets.xcassets */ = {isa = PBXFileReference; lastKnownFileType = folder.assetcatalog; path = Assets.xcassets; sourceTree = "<group>"; };
		769797161FC3243C00112251 /* Base */ = {isa = PBXFileReference; lastKnownFileType = file.storyboard; name = Base; path = Base.lproj/LaunchScreen.storyboard; sourceTree = "<group>"; };
		769797181FC3243C00112251 /* Info.plist */ = {isa = PBXFileReference; lastKnownFileType = text.plist.xml; path = Info.plist; sourceTree = "<group>"; };
		7697971E1FC324AA00112251 /* TableViewController.swift */ = {isa = PBXFileReference; lastKnownFileType = sourcecode.swift; path = TableViewController.swift; sourceTree = "<group>"; };
/* End PBXFileReference section */

/* Begin PBXFrameworksBuildPhase section */
		769797061FC3243C00112251 /* Frameworks */ = {
			isa = PBXFrameworksBuildPhase;
			buildActionMask = 2147483647;
			files = (
			);
			runOnlyForDeploymentPostprocessing = 0;
		};
/* End PBXFrameworksBuildPhase section */

/* Begin PBXGroup section */
		769797001FC3243C00112251 = {
			isa = PBXGroup;
			children = (
				7697970B1FC3243C00112251 /* SegueToStaticTableVC */,
				7697970A1FC3243C00112251 /* Products */,
			);
			sourceTree = "<group>";
		};
		7697970A1FC3243C00112251 /* Products */ = {
			isa = PBXGroup;
			children = (
				769797091FC3243C00112251 /* SegueToStaticTableVC.app */,
			);
			name = Products;
			sourceTree = "<group>";
		};
		7697970B1FC3243C00112251 /* SegueToStaticTableVC */ = {
			isa = PBXGroup;
			children = (
				7697970C1FC3243C00112251 /* AppDelegate.swift */,
				7697970E1FC3243C00112251 /* ViewController.swift */,
				7697971E1FC324AA00112251 /* TableViewController.swift */,
				769797101FC3243C00112251 /* Main.storyboard */,
				769797131FC3243C00112251 /* Assets.xcassets */,
				769797151FC3243C00112251 /* LaunchScreen.storyboard */,
				769797181FC3243C00112251 /* Info.plist */,
			);
			path = SegueToStaticTableVC;
			sourceTree = "<group>";
		};
/* End PBXGroup section */

/* Begin PBXNativeTarget section */
		769797081FC3243C00112251 /* SegueToStaticTableVC */ = {
			isa = PBXNativeTarget;
			buildConfigurationList = 7697971B1FC3243C00112251 /* Build configuration list for PBXNativeTarget "SegueToStaticTableVC" */;
			buildPhases = (
				769797051FC3243C00112251 /* Sources */,
				769797061FC3243C00112251 /* Frameworks */,
				769797071FC3243C00112251 /* Resources */,
			);
			buildRules = (
			);
			dependencies = (
			);
			name = SegueToStaticTableVC;
			productName = SegueToStaticTableVC;
			productReference = 769797091FC3243C00112251 /* SegueToStaticTableVC.app */;
			productType = "com.apple.product-type.application";
		};
/* End PBXNativeTarget section */

/* Begin PBXProject section */
		769797011FC3243C00112251 /* Project object */ = {
			isa = PBXProject;
			attributes = {
				LastSwiftUpdateCheck = 0910;
				LastUpgradeCheck = 0910;
				ORGANIZATIONNAME = ERU;
				TargetAttributes = {
					769797081FC3243C00112251 = {
						CreatedOnToolsVersion = 9.1;
						ProvisioningStyle = Automatic;
					};
				};
			};
			buildConfigurationList = 769797041FC3243C00112251 /* Build configuration list for PBXProject "SegueToStaticTableVC" */;
			compatibilityVersion = "Xcode 8.0";
			developmentRegion = en;
			hasScannedForEncodings = 0;
			knownRegions = (
				en,
				Base,
			);
			mainGroup = 769797001FC3243C00112251;
			productRefGroup = 7697970A1FC3243C00112251 /* Products */;
			projectDirPath = "";
			projectRoot = "";
			targets = (
				769797081FC3243C00112251 /* SegueToStaticTableVC */,
			);
		};
/* End PBXProject section */

/* Begin PBXResourcesBuildPhase section */
		769797071FC3243C00112251 /* Resources */ = {
			isa = PBXResourcesBuildPhase;
			buildActionMask = 2147483647;
			files = (
				769797171FC3243C00112251 /* LaunchScreen.storyboard in Resources */,
				769797141FC3243C00112251 /* Assets.xcassets in Resources */,
				769797121FC3243C00112251 /* Main.storyboard in Resources */,
			);
			runOnlyForDeploymentPostprocessing = 0;
		};
/* End PBXResourcesBuildPhase section */

/* Begin PBXSourcesBuildPhase section */
		769797051FC3243C00112251 /* Sources */ = {
			isa = PBXSourcesBuildPhase;
			buildActionMask = 2147483647;
			files = (
				7697970F1FC3243C00112251 /* ViewController.swift in Sources */,
				7697971F1FC324AA00112251 /* TableViewController.swift in Sources */,
				7697970D1FC3243C00112251 /* AppDelegate.swift in Sources */,
			);
			runOnlyForDeploymentPostprocessing = 0;
		};
/* End PBXSourcesBuildPhase section */

/* Begin PBXVariantGroup section */
		769797101FC3243C00112251 /* Main.storyboard */ = {
			isa = PBXVariantGroup;
			children = (
				769797111FC3243C00112251 /* Base */,
			);
			name = Main.storyboard;
			sourceTree = "<group>";
		};
		769797151FC3243C00112251 /* LaunchScreen.storyboard */ = {
			isa = PBXVariantGroup;
			children = (
				769797161FC3243C00112251 /* Base */,
			);
			name = LaunchScreen.storyboard;
			sourceTree = "<group>";
		};
/* End PBXVariantGroup section */

/* Begin XCBuildConfiguration section */
		769797191FC3243C00112251 /* Debug */ = {
			isa = XCBuildConfiguration;
			buildSettings = {
				ALWAYS_SEARCH_USER_PATHS = NO;
				CLANG_ANALYZER_NONNULL = YES;
				CLANG_ANALYZER_NUMBER_OBJECT_CONVERSION = YES_AGGRESSIVE;
				CLANG_CXX_LANGUAGE_STANDARD = "gnu++14";
				CLANG_CXX_LIBRARY = "libc++";
				CLANG_ENABLE_MODULES = YES;
				CLANG_ENABLE_OBJC_ARC = YES;
				CLANG_WARN_BLOCK_CAPTURE_AUTORELEASING = YES;
				CLANG_WARN_BOOL_CONVERSION = YES;
				CLANG_WARN_COMMA = YES;
				CLANG_WARN_CONSTANT_CONVERSION = YES;
				CLANG_WARN_DIRECT_OBJC_ISA_USAGE = YES_ERROR;
				CLANG_WARN_DOCUMENTATION_COMMENTS = YES;
				CLANG_WARN_EMPTY_BODY = YES;
				CLANG_WARN_ENUM_CONVERSION = YES;
				CLANG_WARN_INFINITE_RECURSION = YES;
				CLANG_WARN_INT_CONVERSION = YES;
				CLANG_WARN_NON_LITERAL_NULL_CONVERSION = YES;
				CLANG_WARN_OBJC_LITERAL_CONVERSION = YES;
				CLANG_WARN_OBJC_ROOT_CLASS = YES_ERROR;
				CLANG_WARN_RANGE_LOOP_ANALYSIS = YES;
				CLANG_WARN_STRICT_PROTOTYPES = YES;
				CLANG_WARN_SUSPICIOUS_MOVE = YES;
				CLANG_WARN_UNGUARDED_AVAILABILITY = YES_AGGRESSIVE;
				CLANG_WARN_UNREACHABLE_CODE = YES;
				CLANG_WARN__DUPLICATE_METHOD_MATCH = YES;
				CODE_SIGN_IDENTITY = "iPhone Developer";
				COPY_PHASE_STRIP = NO;
				DEBUG_INFORMATION_FORMAT = dwarf;
				ENABLE_STRICT_OBJC_MSGSEND = YES;
				ENABLE_TESTABILITY = YES;
				GCC_C_LANGUAGE_STANDARD = gnu11;
				GCC_DYNAMIC_NO_PIC = NO;
				GCC_NO_COMMON_BLOCKS = YES;
				GCC_OPTIMIZATION_LEVEL = 0;
				GCC_PREPROCESSOR_DEFINITIONS = (
					"DEBUG=1",
					"$(inherited)",
				);
				GCC_WARN_64_TO_32_BIT_CONVERSION = YES;
				GCC_WARN_ABOUT_RETURN_TYPE = YES_ERROR;
				GCC_WARN_UNDECLARED_SELECTOR = YES;
				GCC_WARN_UNINITIALIZED_AUTOS = YES_AGGRESSIVE;
				GCC_WARN_UNUSED_FUNCTION = YES;
				GCC_WARN_UNUSED_VARIABLE = YES;
				IPHONEOS_DEPLOYMENT_TARGET = 11.1;
				MTL_ENABLE_DEBUG_INFO = YES;
				ONLY_ACTIVE_ARCH = YES;
				SDKROOT = iphoneos;
				SWIFT_ACTIVE_COMPILATION_CONDITIONS = DEBUG;
				SWIFT_OPTIMIZATION_LEVEL = "-Onone";
			};
			name = Debug;
		};
		7697971A1FC3243C00112251 /* Release */ = {
			isa = XCBuildConfiguration;
			buildSettings = {
				ALWAYS_SEARCH_USER_PATHS = NO;
				CLANG_ANALYZER_NONNULL = YES;
				CLANG_ANALYZER_NUMBER_OBJECT_CONVERSION = YES_AGGRESSIVE;
				CLANG_CXX_LANGUAGE_STANDARD = "gnu++14";
				CLANG_CXX_LIBRARY = "libc++";
				CLANG_ENABLE_MODULES = YES;
				CLANG_ENABLE_OBJC_ARC = YES;
				CLANG_WARN_BLOCK_CAPTURE_AUTORELEASING = YES;
				CLANG_WARN_BOOL_CONVERSION = YES;
				CLANG_WARN_COMMA = YES;
				CLANG_WARN_CONSTANT_CONVERSION = YES;
				CLANG_WARN_DIRECT_OBJC_ISA_USAGE = YES_ERROR;
				CLANG_WARN_DOCUMENTATION_COMMENTS = YES;
				CLANG_WARN_EMPTY_BODY = YES;
				CLANG_WARN_ENUM_CONVERSION = YES;
				CLANG_WARN_INFINITE_RECURSION = YES;
				CLANG_WARN_INT_CONVERSION = YES;
				CLANG_WARN_NON_LITERAL_NULL_CONVERSION = YES;
				CLANG_WARN_OBJC_LITERAL_CONVERSION = YES;
				CLANG_WARN_OBJC_ROOT_CLASS = YES_ERROR;
				CLANG_WARN_RANGE_LOOP_ANALYSIS = YES;
				CLANG_WARN_STRICT_PROTOTYPES = YES;
				CLANG_WARN_SUSPICIOUS_MOVE = YES;
				CLANG_WARN_UNGUARDED_AVAILABILITY = YES_AGGRESSIVE;
				CLANG_WARN_UNREACHABLE_CODE = YES;
				CLANG_WARN__DUPLICATE_METHOD_MATCH = YES;
				CODE_SIGN_IDENTITY = "iPhone Developer";
				COPY_PHASE_STRIP = NO;
				DEBUG_INFORMATION_FORMAT = "dwarf-with-dsym";
				ENABLE_NS_ASSERTIONS = NO;
				ENABLE_STRICT_OBJC_MSGSEND = YES;
				GCC_C_LANGUAGE_STANDARD = gnu11;
				GCC_NO_COMMON_BLOCKS = YES;
				GCC_WARN_64_TO_32_BIT_CONVERSION = YES;
				GCC_WARN_ABOUT_RETURN_TYPE = YES_ERROR;
				GCC_WARN_UNDECLARED_SELECTOR = YES;
				GCC_WARN_UNINITIALIZED_AUTOS = YES_AGGRESSIVE;
				GCC_WARN_UNUSED_FUNCTION = YES;
				GCC_WARN_UNUSED_VARIABLE = YES;
				IPHONEOS_DEPLOYMENT_TARGET = 11.1;
				MTL_ENABLE_DEBUG_INFO = NO;
				SDKROOT = iphoneos;
				SWIFT_OPTIMIZATION_LEVEL = "-Owholemodule";
				VALIDATE_PRODUCT = YES;
			};
			name = Release;
		};
		7697971C1FC3243C00112251 /* Debug */ = {
			isa = XCBuildConfiguration;
			buildSettings = {
				ASSETCATALOG_COMPILER_APPICON_NAME = AppIcon;
				CODE_SIGN_STYLE = Automatic;
				DEVELOPMENT_TEAM = 77CB32R5F4;
				INFOPLIST_FILE = SegueToStaticTableVC/Info.plist;
				LD_RUNPATH_SEARCH_PATHS = "$(inherited) @executable_path/Frameworks";
				PRODUCT_BUNDLE_IDENTIFIER = com.hackinggate.SegueToStaticTableVC;
				PRODUCT_NAME = "$(TARGET_NAME)";
				SWIFT_VERSION = 4.0;
				TARGETED_DEVICE_FAMILY = "1,2";
			};
			name = Debug;
		};
		7697971D1FC3243C00112251 /* Release */ = {
			isa = XCBuildConfiguration;
			buildSettings = {
				ASSETCATALOG_COMPILER_APPICON_NAME = AppIcon;
				CODE_SIGN_STYLE = Automatic;
				DEVELOPMENT_TEAM = 77CB32R5F4;
				INFOPLIST_FILE = SegueToStaticTableVC/Info.plist;
				LD_RUNPATH_SEARCH_PATHS = "$(inherited) @executable_path/Frameworks";
				PRODUCT_BUNDLE_IDENTIFIER = com.hackinggate.SegueToStaticTableVC;
				PRODUCT_NAME = "$(TARGET_NAME)";
				SWIFT_VERSION = 4.0;
				TARGETED_DEVICE_FAMILY = "1,2";
			};
			name = Release;
		};
/* End XCBuildConfiguration section */

/* Begin XCConfigurationList section */
		769797041FC3243C00112251 /* Build configuration list for PBXProject "SegueToStaticTableVC" */ = {
			isa = XCConfigurationList;
			buildConfigurations = (
				769797191FC3243C00112251 /* Debug */,
				7697971A1FC3243C00112251 /* Release */,
			);
			defaultConfigurationIsVisible = 0;
			defaultConfigurationName = Release;
		};
		7697971B1FC3243C00112251 /* Build configuration list for PBXNativeTarget "SegueToStaticTableVC" */ = {
			isa = XCConfigurationList;
			buildConfigurations = (
				7697971C1FC3243C00112251 /* Debug */,
				7697971D1FC3243C00112251 /* Release */,
			);
			defaultConfigurationIsVisible = 0;
			defaultConfigurationName = Release;
		};
/* End XCConfigurationList section */
	};
	rootObject = 769797011FC3243C00112251 /* Project object */;
}
